
Microsoft Visual Studio Solution File, Format Version 12.00
# Visual Studio Version 16
VisualStudioVersion = 16.0.29709.97
MinimumVisualStudioVersion = 10.0.40219.1
Project("{2150E333-8FDC-42A3-9474-1A3956D46DE8}") = "2 - Services", "2 - Services", "{13DB9370-D429-4613-8F67-561294A9FACA}"
EndProject
Project("{2150E333-8FDC-42A3-9474-1A3956D46DE8}") = "3 - Application", "3 - Application", "{20F3C26E-43BB-4067-B63F-EC007FF81CE5}"
EndProject
Project("{2150E333-8FDC-42A3-9474-1A3956D46DE8}") = "4 - Domain", "4 - Domain", "{402220F9-49FB-4051-BBC5-0451D9FAADF7}"
EndProject
Project("{2150E333-8FDC-42A3-9474-1A3956D46DE8}") = "5 - Infra", "5 - Infra", "{08C44277-D89E-4C2F-B8F2-36B06B4C4BE6}"
EndProject
Project("{2150E333-8FDC-42A3-9474-1A3956D46DE8}") = "5.1 - Data", "5.1 - Data", "{9D46C671-8916-4AD3-96F2-1CAE7E96A5E5}"
EndProject
Project("{2150E333-8FDC-42A3-9474-1A3956D46DE8}") = "5.2 - CrossCutting", "5.2 - CrossCutting", "{554CAF06-5BF7-49E4-A507-002BAD928CEB}"
EndProject
Project("{9A19103F-16F7-4668-BE54-9A1E7A4F7556}") = "Mac.Services.Api", "src\Mac.Services.Api\Mac.Services.Api.csproj", "{38B73B74-F039-4826-80B7-94773287E64D}"
EndProject
Project("{9A19103F-16F7-4668-BE54-9A1E7A4F7556}") = "Mac.Domain", "src\Mac.Domain\Mac.Domain.csproj", "{A3BCC6A4-608E-4D01-90A7-0061A1E4580E}"
EndProject
Project("{9A19103F-16F7-4668-BE54-9A1E7A4F7556}") = "Mac.Application", "src\Mac.Application\Mac.Application.csproj", "{A36A3A66-C03F-4B28-AD70-61AEF85A3049}"
EndProject
Project("{9A19103F-16F7-4668-BE54-9A1E7A4F7556}") = "Mac.Domain.Core", "src\Mac.Domain.Core\Mac.Domain.Core.csproj", "{1083DDDD-FD97-435D-8483-CBB859EF9EAB}"
EndProject
Project("{9A19103F-16F7-4668-BE54-9A1E7A4F7556}") = "Mac.Infra.CrossCutting.IoC", "src\Mac.Infra.CrossCutting.IoC\Mac.Infra.CrossCutting.IoC.csproj", "{05728901-DAE2-48AB-91B4-E95CA51C754D}"
EndProject
Project("{2150E333-8FDC-42A3-9474-1A3956D46DE8}") = "5.3 - MessageBroker", "5.3 - MessageBroker", "{FA2BE8AA-CCFF-4202-BAFB-4186D5B8B6CA}"
EndProject
Project("{9A19103F-16F7-4668-BE54-9A1E7A4F7556}") = "Mac.MessageBroker.Producer", "src\Mac.MessageBroker.Producer\Mac.MessageBroker.Producer.csproj", "{A632586D-E1D7-46DF-A1A2-78754E0E739A}"
EndProject
Project("{9A19103F-16F7-4668-BE54-9A1E7A4F7556}") = "Mac.Domain.Entities", "src\Mac.Domain.Entities\Mac.Domain.Entities.csproj", "{595A1406-6887-4269-B5F0-828078A6C724}"
EndProject
Project("{9A19103F-16F7-4668-BE54-9A1E7A4F7556}") = "Mac.Infra.CrossCutting.BUS", "src\Mac.Infra.CrossCutting.BUS\Mac.Infra.CrossCutting.BUS.csproj", "{26D7BB0E-6877-452B-AF08-473CA80FE73B}"
EndProject
Project("{9A19103F-16F7-4668-BE54-9A1E7A4F7556}") = "Mac.MessageBroker.Consumer", "src\Mac.MessageBroker.Consumer\Mac.MessageBroker.Consumer.csproj", "{CF76AB98-D2F7-4048-8289-8B8005F77533}"
EndProject
Project("{2150E333-8FDC-42A3-9474-1A3956D46DE8}") = "6 - Testing", "6 - Testing", "{AFBF8CC5-8A25-4094-86E1-2646E085DEEA}"
EndProject
Project("{9A19103F-16F7-4668-BE54-9A1E7A4F7556}") = "Mac.Application.Testing", "src\Mac.Application.Testing\Mac.Application.Testing.csproj", "{992A3E1E-6560-44BF-81E1-D5A6D4873917}"
EndProject
Global
	GlobalSection(SolutionConfigurationPlatforms) = preSolution
		Debug|Any CPU = Debug|Any CPU
		Release|Any CPU = Release|Any CPU
	EndGlobalSection
	GlobalSection(ProjectConfigurationPlatforms) = postSolution
		{38B73B74-F039-4826-80B7-94773287E64D}.Debug|Any CPU.ActiveCfg = Debug|Any CPU
		{38B73B74-F039-4826-80B7-94773287E64D}.Debug|Any CPU.Build.0 = Debug|Any CPU
		{38B73B74-F039-4826-80B7-94773287E64D}.Release|Any CPU.ActiveCfg = Release|Any CPU
		{38B73B74-F039-4826-80B7-94773287E64D}.Release|Any CPU.Build.0 = Release|Any CPU
		{A3BCC6A4-608E-4D01-90A7-0061A1E4580E}.Debug|Any CPU.ActiveCfg = Debug|Any CPU
		{A3BCC6A4-608E-4D01-90A7-0061A1E4580E}.Debug|Any CPU.Build.0 = Debug|Any CPU
		{A3BCC6A4-608E-4D01-90A7-0061A1E4580E}.Release|Any CPU.ActiveCfg = Release|Any CPU
		{A3BCC6A4-608E-4D01-90A7-0061A1E4580E}.Release|Any CPU.Build.0 = Release|Any CPU
		{A36A3A66-C03F-4B28-AD70-61AEF85A3049}.Debug|Any CPU.ActiveCfg = Debug|Any CPU
		{A36A3A66-C03F-4B28-AD70-61AEF85A3049}.Debug|Any CPU.Build.0 = Debug|Any CPU
		{A36A3A66-C03F-4B28-AD70-61AEF85A3049}.Release|Any CPU.ActiveCfg = Release|Any CPU
		{A36A3A66-C03F-4B28-AD70-61AEF85A3049}.Release|Any CPU.Build.0 = Release|Any CPU
		{1083DDDD-FD97-435D-8483-CBB859EF9EAB}.Debug|Any CPU.ActiveCfg = Debug|Any CPU
		{1083DDDD-FD97-435D-8483-CBB859EF9EAB}.Debug|Any CPU.Build.0 = Debug|Any CPU
		{1083DDDD-FD97-435D-8483-CBB859EF9EAB}.Release|Any CPU.ActiveCfg = Release|Any CPU
		{1083DDDD-FD97-435D-8483-CBB859EF9EAB}.Release|Any CPU.Build.0 = Release|Any CPU
		{05728901-DAE2-48AB-91B4-E95CA51C754D}.Debug|Any CPU.ActiveCfg = Debug|Any CPU
		{05728901-DAE2-48AB-91B4-E95CA51C754D}.Debug|Any CPU.Build.0 = Debug|Any CPU
		{05728901-DAE2-48AB-91B4-E95CA51C754D}.Release|Any CPU.ActiveCfg = Release|Any CPU
		{05728901-DAE2-48AB-91B4-E95CA51C754D}.Release|Any CPU.Build.0 = Release|Any CPU
		{A632586D-E1D7-46DF-A1A2-78754E0E739A}.Debug|Any CPU.ActiveCfg = Debug|Any CPU
		{A632586D-E1D7-46DF-A1A2-78754E0E739A}.Debug|Any CPU.Build.0 = Debug|Any CPU
		{A632586D-E1D7-46DF-A1A2-78754E0E739A}.Release|Any CPU.ActiveCfg = Release|Any CPU
		{A632586D-E1D7-46DF-A1A2-78754E0E739A}.Release|Any CPU.Build.0 = Release|Any CPU
		{595A1406-6887-4269-B5F0-828078A6C724}.Debug|Any CPU.ActiveCfg = Debug|Any CPU
		{595A1406-6887-4269-B5F0-828078A6C724}.Debug|Any CPU.Build.0 = Debug|Any CPU
		{595A1406-6887-4269-B5F0-828078A6C724}.Release|Any CPU.ActiveCfg = Release|Any CPU
		{595A1406-6887-4269-B5F0-828078A6C724}.Release|Any CPU.Build.0 = Release|Any CPU
		{26D7BB0E-6877-452B-AF08-473CA80FE73B}.Debug|Any CPU.ActiveCfg = Debug|Any CPU
		{26D7BB0E-6877-452B-AF08-473CA80FE73B}.Debug|Any CPU.Build.0 = Debug|Any CPU
		{26D7BB0E-6877-452B-AF08-473CA80FE73B}.Release|Any CPU.ActiveCfg = Release|Any CPU
		{26D7BB0E-6877-452B-AF08-473CA80FE73B}.Release|Any CPU.Build.0 = Release|Any CPU
		{CF76AB98-D2F7-4048-8289-8B8005F77533}.Debug|Any CPU.ActiveCfg = Debug|Any CPU
		{CF76AB98-D2F7-4048-8289-8B8005F77533}.Debug|Any CPU.Build.0 = Debug|Any CPU
		{CF76AB98-D2F7-4048-8289-8B8005F77533}.Release|Any CPU.ActiveCfg = Release|Any CPU
		{CF76AB98-D2F7-4048-8289-8B8005F77533}.Release|Any CPU.Build.0 = Release|Any CPU
		{992A3E1E-6560-44BF-81E1-D5A6D4873917}.Debug|Any CPU.ActiveCfg = Debug|Any CPU
		{992A3E1E-6560-44BF-81E1-D5A6D4873917}.Debug|Any CPU.Build.0 = Debug|Any CPU
		{992A3E1E-6560-44BF-81E1-D5A6D4873917}.Release|Any CPU.ActiveCfg = Release|Any CPU
		{992A3E1E-6560-44BF-81E1-D5A6D4873917}.Release|Any CPU.Build.0 = Release|Any CPU
	EndGlobalSection
	GlobalSection(SolutionProperties) = preSolution
		HideSolutionNode = FALSE
	EndGlobalSection
	GlobalSection(NestedProjects) = preSolution
		{9D46C671-8916-4AD3-96F2-1CAE7E96A5E5} = {08C44277-D89E-4C2F-B8F2-36B06B4C4BE6}
		{554CAF06-5BF7-49E4-A507-002BAD928CEB} = {08C44277-D89E-4C2F-B8F2-36B06B4C4BE6}
		{38B73B74-F039-4826-80B7-94773287E64D} = {13DB9370-D429-4613-8F67-561294A9FACA}
		{A3BCC6A4-608E-4D01-90A7-0061A1E4580E} = {402220F9-49FB-4051-BBC5-0451D9FAADF7}
		{A36A3A66-C03F-4B28-AD70-61AEF85A3049} = {20F3C26E-43BB-4067-B63F-EC007FF81CE5}
		{1083DDDD-FD97-435D-8483-CBB859EF9EAB} = {402220F9-49FB-4051-BBC5-0451D9FAADF7}
		{05728901-DAE2-48AB-91B4-E95CA51C754D} = {554CAF06-5BF7-49E4-A507-002BAD928CEB}
		{FA2BE8AA-CCFF-4202-BAFB-4186D5B8B6CA} = {08C44277-D89E-4C2F-B8F2-36B06B4C4BE6}
		{A632586D-E1D7-46DF-A1A2-78754E0E739A} = {FA2BE8AA-CCFF-4202-BAFB-4186D5B8B6CA}
		{595A1406-6887-4269-B5F0-828078A6C724} = {402220F9-49FB-4051-BBC5-0451D9FAADF7}
		{26D7BB0E-6877-452B-AF08-473CA80FE73B} = {554CAF06-5BF7-49E4-A507-002BAD928CEB}
		{CF76AB98-D2F7-4048-8289-8B8005F77533} = {FA2BE8AA-CCFF-4202-BAFB-4186D5B8B6CA}
		{992A3E1E-6560-44BF-81E1-D5A6D4873917} = {AFBF8CC5-8A25-4094-86E1-2646E085DEEA}
	EndGlobalSection
	GlobalSection(ExtensibilityGlobals) = postSolution
		SolutionGuid = {EA4494CB-C2E9-4618-9E01-F8073BC388C7}
	EndGlobalSection
EndGlobal
